
Microsoft Visual Studio Solution File, Format Version 12.00
# Visual Studio Version 16
VisualStudioVersion = 16.0.30114.105
MinimumVisualStudioVersion = 10.0.40219.1
Project("{9A19103F-16F7-4668-BE54-9A1E7A4F7556}") = "ESourcing.Products", "ESourcing.Products\ESourcing.Products.csproj", "{72AFA917-AB3E-4D70-8D01-F5B8260D15BA}"
EndProject
Project("{2150E333-8FDC-42A3-9474-1A3956D46DE8}") = "Products", "Products", "{6BF579A5-B1C8-4B76-924C-CAE9F0169AA8}"
EndProject
Project("{2150E333-8FDC-42A3-9474-1A3956D46DE8}") = "src", "src", "{2F9E524F-EB0B-4FDA-BE2B-8C4A71585A96}"
EndProject
Project("{2150E333-8FDC-42A3-9474-1A3956D46DE8}") = "ApiGateway", "ApiGateway", "{223C5AE3-21CF-4EAB-923D-D1EC46CC277A}"
EndProject
Project("{2150E333-8FDC-42A3-9474-1A3956D46DE8}") = "Services", "Services", "{CF49A905-20DB-44DE-9432-C1255AD327DE}"
EndProject
Project("{2150E333-8FDC-42A3-9474-1A3956D46DE8}") = "WebApp", "WebApp", "{5984FFAE-9CC6-44F6-B050-1A6505340405}"
EndProject
Project("{2150E333-8FDC-42A3-9474-1A3956D46DE8}") = "Common", "Common", "{BF9D3164-55AD-4791-B8EA-444F4FE31A29}"
EndProject
Project("{2150E333-8FDC-42A3-9474-1A3956D46DE8}") = "Order", "Order", "{78944171-5C58-435F-A539-BA465EFE0971}"
EndProject
Project("{2150E333-8FDC-42A3-9474-1A3956D46DE8}") = "Sourcing", "Sourcing", "{E8AF36C7-78F1-430A-AD5E-DD3C6110DF44}"
EndProject
Project("{E53339B2-1760-4266-BCC7-CA923CBCF16C}") = "docker-compose", "docker-compose.dcproj", "{01BA32E2-07E1-4A70-ACFF-2D920FA4CACB}"
EndProject
Project("{9A19103F-16F7-4668-BE54-9A1E7A4F7556}") = "EventBusRabbitMQ", "EventBusRabbitMQ\EventBusRabbitMQ.csproj", "{24C77197-2F45-49B6-ACA5-4AFE534A1E94}"
EndProject
Project("{9A19103F-16F7-4668-BE54-9A1E7A4F7556}") = "ESourcing.APIGateway", "ESourcing.APIGateway\ESourcing.APIGateway.csproj", "{BDB7C055-5766-4EEF-BC26-E619CC3BD6EC}"
EndProject
Project("{9A19103F-16F7-4668-BE54-9A1E7A4F7556}") = "ESourcing.Core", "ESourcing.Core\ESourcing.Core.csproj", "{F4A285D4-7084-4A02-ADF7-D5ECB6AF9642}"
EndProject
Project("{9A19103F-16F7-4668-BE54-9A1E7A4F7556}") = "ESourcing.Infrastructure", "ESourcing.Infrastructure\ESourcing.Infrastructure.csproj", "{0DDF68CF-6E6A-4EA4-A05B-5D4E2347416C}"
EndProject
Project("{9A19103F-16F7-4668-BE54-9A1E7A4F7556}") = "Ordering.Application", "Ordering.Application\Ordering.Application.csproj", "{3F45B074-7110-4A93-8F89-4512D874E97C}"
EndProject
Project("{9A19103F-16F7-4668-BE54-9A1E7A4F7556}") = "Ordering.Domain", "Ordering.Domain\Ordering.Domain.csproj", "{A1366BA9-607E-4B58-8C27-6EF4B4DD89C6}"
EndProject
Project("{9A19103F-16F7-4668-BE54-9A1E7A4F7556}") = "Ordering.Infrastructure", "Ordering.Infrastructure\Ordering.Infrastructure.csproj", "{04D22855-CF4E-4AB1-A067-1519ACAE6C2F}"
EndProject
Project("{9A19103F-16F7-4668-BE54-9A1E7A4F7556}") = "ESourcing.Order", "ESourcing.Order\ESourcing.Order.csproj", "{C9B76061-0969-45D6-9E77-8D7CBAD3D77C}"
EndProject
Project("{9A19103F-16F7-4668-BE54-9A1E7A4F7556}") = "ESourcing.UI", "ESourcing.UI\ESourcing.UI.csproj", "{A2D49E8F-DFE6-4AB7-B8A3-0CD3A95B1BA4}"
EndProject
Project("{9A19103F-16F7-4668-BE54-9A1E7A4F7556}") = "ESourcing.Sourcing", "ESourcing.Sourcing\ESourcing.Sourcing.csproj", "{40933F3F-28E7-41D7-BF87-46CA2232AB11}"
EndProject
Global
	GlobalSection(SolutionConfigurationPlatforms) = preSolution
		Debug|Any CPU = Debug|Any CPU
		Debug|x64 = Debug|x64
		Debug|x86 = Debug|x86
		Release|Any CPU = Release|Any CPU
		Release|x64 = Release|x64
		Release|x86 = Release|x86
	EndGlobalSection
	GlobalSection(ProjectConfigurationPlatforms) = postSolution
		{72AFA917-AB3E-4D70-8D01-F5B8260D15BA}.Debug|Any CPU.ActiveCfg = Debug|Any CPU
		{72AFA917-AB3E-4D70-8D01-F5B8260D15BA}.Debug|Any CPU.Build.0 = Debug|Any CPU
		{72AFA917-AB3E-4D70-8D01-F5B8260D15BA}.Debug|x64.ActiveCfg = Debug|Any CPU
		{72AFA917-AB3E-4D70-8D01-F5B8260D15BA}.Debug|x64.Build.0 = Debug|Any CPU
		{72AFA917-AB3E-4D70-8D01-F5B8260D15BA}.Debug|x86.ActiveCfg = Debug|Any CPU
		{72AFA917-AB3E-4D70-8D01-F5B8260D15BA}.Debug|x86.Build.0 = Debug|Any CPU
		{72AFA917-AB3E-4D70-8D01-F5B8260D15BA}.Release|Any CPU.ActiveCfg = Release|Any CPU
		{72AFA917-AB3E-4D70-8D01-F5B8260D15BA}.Release|Any CPU.Build.0 = Release|Any CPU
		{72AFA917-AB3E-4D70-8D01-F5B8260D15BA}.Release|x64.ActiveCfg = Release|Any CPU
		{72AFA917-AB3E-4D70-8D01-F5B8260D15BA}.Release|x64.Build.0 = Release|Any CPU
		{72AFA917-AB3E-4D70-8D01-F5B8260D15BA}.Release|x86.ActiveCfg = Release|Any CPU
		{72AFA917-AB3E-4D70-8D01-F5B8260D15BA}.Release|x86.Build.0 = Release|Any CPU
		{01BA32E2-07E1-4A70-ACFF-2D920FA4CACB}.Debug|Any CPU.ActiveCfg = Debug|Any CPU
		{01BA32E2-07E1-4A70-ACFF-2D920FA4CACB}.Debug|Any CPU.Build.0 = Debug|Any CPU
		{01BA32E2-07E1-4A70-ACFF-2D920FA4CACB}.Debug|x64.ActiveCfg = Debug|Any CPU
		{01BA32E2-07E1-4A70-ACFF-2D920FA4CACB}.Debug|x64.Build.0 = Debug|Any CPU
		{01BA32E2-07E1-4A70-ACFF-2D920FA4CACB}.Debug|x86.ActiveCfg = Debug|Any CPU
		{01BA32E2-07E1-4A70-ACFF-2D920FA4CACB}.Debug|x86.Build.0 = Debug|Any CPU
		{01BA32E2-07E1-4A70-ACFF-2D920FA4CACB}.Release|Any CPU.ActiveCfg = Release|Any CPU
		{01BA32E2-07E1-4A70-ACFF-2D920FA4CACB}.Release|Any CPU.Build.0 = Release|Any CPU
		{01BA32E2-07E1-4A70-ACFF-2D920FA4CACB}.Release|x64.ActiveCfg = Release|Any CPU
		{01BA32E2-07E1-4A70-ACFF-2D920FA4CACB}.Release|x64.Build.0 = Release|Any CPU
		{01BA32E2-07E1-4A70-ACFF-2D920FA4CACB}.Release|x86.ActiveCfg = Release|Any CPU
		{01BA32E2-07E1-4A70-ACFF-2D920FA4CACB}.Release|x86.Build.0 = Release|Any CPU
		{24C77197-2F45-49B6-ACA5-4AFE534A1E94}.Debug|Any CPU.ActiveCfg = Debug|Any CPU
		{24C77197-2F45-49B6-ACA5-4AFE534A1E94}.Debug|Any CPU.Build.0 = Debug|Any CPU
		{24C77197-2F45-49B6-ACA5-4AFE534A1E94}.Debug|x64.ActiveCfg = Debug|Any CPU
		{24C77197-2F45-49B6-ACA5-4AFE534A1E94}.Debug|x64.Build.0 = Debug|Any CPU
		{24C77197-2F45-49B6-ACA5-4AFE534A1E94}.Debug|x86.ActiveCfg = Debug|Any CPU
		{24C77197-2F45-49B6-ACA5-4AFE534A1E94}.Debug|x86.Build.0 = Debug|Any CPU
		{24C77197-2F45-49B6-ACA5-4AFE534A1E94}.Release|Any CPU.ActiveCfg = Release|Any CPU
		{24C77197-2F45-49B6-ACA5-4AFE534A1E94}.Release|Any CPU.Build.0 = Release|Any CPU
		{24C77197-2F45-49B6-ACA5-4AFE534A1E94}.Release|x64.ActiveCfg = Release|Any CPU
		{24C77197-2F45-49B6-ACA5-4AFE534A1E94}.Release|x64.Build.0 = Release|Any CPU
		{24C77197-2F45-49B6-ACA5-4AFE534A1E94}.Release|x86.ActiveCfg = Release|Any CPU
		{24C77197-2F45-49B6-ACA5-4AFE534A1E94}.Release|x86.Build.0 = Release|Any CPU
		{BDB7C055-5766-4EEF-BC26-E619CC3BD6EC}.Debug|Any CPU.ActiveCfg = Debug|Any CPU
		{BDB7C055-5766-4EEF-BC26-E619CC3BD6EC}.Debug|Any CPU.Build.0 = Debug|Any CPU
		{BDB7C055-5766-4EEF-BC26-E619CC3BD6EC}.Debug|x64.ActiveCfg = Debug|Any CPU
		{BDB7C055-5766-4EEF-BC26-E619CC3BD6EC}.Debug|x64.Build.0 = Debug|Any CPU
		{BDB7C055-5766-4EEF-BC26-E619CC3BD6EC}.Debug|x86.ActiveCfg = Debug|Any CPU
		{BDB7C055-5766-4EEF-BC26-E619CC3BD6EC}.Debug|x86.Build.0 = Debug|Any CPU
		{BDB7C055-5766-4EEF-BC26-E619CC3BD6EC}.Release|Any CPU.ActiveCfg = Release|Any CPU
		{BDB7C055-5766-4EEF-BC26-E619CC3BD6EC}.Release|Any CPU.Build.0 = Release|Any CPU
		{BDB7C055-5766-4EEF-BC26-E619CC3BD6EC}.Release|x64.ActiveCfg = Release|Any CPU
		{BDB7C055-5766-4EEF-BC26-E619CC3BD6EC}.Release|x64.Build.0 = Release|Any CPU
		{BDB7C055-5766-4EEF-BC26-E619CC3BD6EC}.Release|x86.ActiveCfg = Release|Any CPU
		{BDB7C055-5766-4EEF-BC26-E619CC3BD6EC}.Release|x86.Build.0 = Release|Any CPU
		{F4A285D4-7084-4A02-ADF7-D5ECB6AF9642}.Debug|Any CPU.ActiveCfg = Debug|Any CPU
		{F4A285D4-7084-4A02-ADF7-D5ECB6AF9642}.Debug|Any CPU.Build.0 = Debug|Any CPU
		{F4A285D4-7084-4A02-ADF7-D5ECB6AF9642}.Debug|x64.ActiveCfg = Debug|Any CPU
		{F4A285D4-7084-4A02-ADF7-D5ECB6AF9642}.Debug|x64.Build.0 = Debug|Any CPU
		{F4A285D4-7084-4A02-ADF7-D5ECB6AF9642}.Debug|x86.ActiveCfg = Debug|Any CPU
		{F4A285D4-7084-4A02-ADF7-D5ECB6AF9642}.Debug|x86.Build.0 = Debug|Any CPU
		{F4A285D4-7084-4A02-ADF7-D5ECB6AF9642}.Release|Any CPU.ActiveCfg = Release|Any CPU
		{F4A285D4-7084-4A02-ADF7-D5ECB6AF9642}.Release|Any CPU.Build.0 = Release|Any CPU
		{F4A285D4-7084-4A02-ADF7-D5ECB6AF9642}.Release|x64.ActiveCfg = Release|Any CPU
		{F4A285D4-7084-4A02-ADF7-D5ECB6AF9642}.Release|x64.Build.0 = Release|Any CPU
		{F4A285D4-7084-4A02-ADF7-D5ECB6AF9642}.Release|x86.ActiveCfg = Release|Any CPU
		{F4A285D4-7084-4A02-ADF7-D5ECB6AF9642}.Release|x86.Build.0 = Release|Any CPU
		{0DDF68CF-6E6A-4EA4-A05B-5D4E2347416C}.Debug|Any CPU.ActiveCfg = Debug|Any CPU
		{0DDF68CF-6E6A-4EA4-A05B-5D4E2347416C}.Debug|Any CPU.Build.0 = Debug|Any CPU
		{0DDF68CF-6E6A-4EA4-A05B-5D4E2347416C}.Debug|x64.ActiveCfg = Debug|Any CPU
		{0DDF68CF-6E6A-4EA4-A05B-5D4E2347416C}.Debug|x64.Build.0 = Debug|Any CPU
		{0DDF68CF-6E6A-4EA4-A05B-5D4E2347416C}.Debug|x86.ActiveCfg = Debug|Any CPU
		{0DDF68CF-6E6A-4EA4-A05B-5D4E2347416C}.Debug|x86.Build.0 = Debug|Any CPU
		{0DDF68CF-6E6A-4EA4-A05B-5D4E2347416C}.Release|Any CPU.ActiveCfg = Release|Any CPU
		{0DDF68CF-6E6A-4EA4-A05B-5D4E2347416C}.Release|Any CPU.Build.0 = Release|Any CPU
		{0DDF68CF-6E6A-4EA4-A05B-5D4E2347416C}.Release|x64.ActiveCfg = Release|Any CPU
		{0DDF68CF-6E6A-4EA4-A05B-5D4E2347416C}.Release|x64.Build.0 = Release|Any CPU
		{0DDF68CF-6E6A-4EA4-A05B-5D4E2347416C}.Release|x86.ActiveCfg = Release|Any CPU
		{0DDF68CF-6E6A-4EA4-A05B-5D4E2347416C}.Release|x86.Build.0 = Release|Any CPU
		{3F45B074-7110-4A93-8F89-4512D874E97C}.Debug|Any CPU.ActiveCfg = Debug|Any CPU
		{3F45B074-7110-4A93-8F89-4512D874E97C}.Debug|Any CPU.Build.0 = Debug|Any CPU
		{3F45B074-7110-4A93-8F89-4512D874E97C}.Debug|x64.ActiveCfg = Debug|Any CPU
		{3F45B074-7110-4A93-8F89-4512D874E97C}.Debug|x64.Build.0 = Debug|Any CPU
		{3F45B074-7110-4A93-8F89-4512D874E97C}.Debug|x86.ActiveCfg = Debug|Any CPU
		{3F45B074-7110-4A93-8F89-4512D874E97C}.Debug|x86.Build.0 = Debug|Any CPU
		{3F45B074-7110-4A93-8F89-4512D874E97C}.Release|Any CPU.ActiveCfg = Release|Any CPU
		{3F45B074-7110-4A93-8F89-4512D874E97C}.Release|Any CPU.Build.0 = Release|Any CPU
		{3F45B074-7110-4A93-8F89-4512D874E97C}.Release|x64.ActiveCfg = Release|Any CPU
		{3F45B074-7110-4A93-8F89-4512D874E97C}.Release|x64.Build.0 = Release|Any CPU
		{3F45B074-7110-4A93-8F89-4512D874E97C}.Release|x86.ActiveCfg = Release|Any CPU
		{3F45B074-7110-4A93-8F89-4512D874E97C}.Release|x86.Build.0 = Release|Any CPU
		{A1366BA9-607E-4B58-8C27-6EF4B4DD89C6}.Debug|Any CPU.ActiveCfg = Debug|Any CPU
		{A1366BA9-607E-4B58-8C27-6EF4B4DD89C6}.Debug|Any CPU.Build.0 = Debug|Any CPU
		{A1366BA9-607E-4B58-8C27-6EF4B4DD89C6}.Debug|x64.ActiveCfg = Debug|Any CPU
		{A1366BA9-607E-4B58-8C27-6EF4B4DD89C6}.Debug|x64.Build.0 = Debug|Any CPU
		{A1366BA9-607E-4B58-8C27-6EF4B4DD89C6}.Debug|x86.ActiveCfg = Debug|Any CPU
		{A1366BA9-607E-4B58-8C27-6EF4B4DD89C6}.Debug|x86.Build.0 = Debug|Any CPU
		{A1366BA9-607E-4B58-8C27-6EF4B4DD89C6}.Release|Any CPU.ActiveCfg = Release|Any CPU
		{A1366BA9-607E-4B58-8C27-6EF4B4DD89C6}.Release|Any CPU.Build.0 = Release|Any CPU
		{A1366BA9-607E-4B58-8C27-6EF4B4DD89C6}.Release|x64.ActiveCfg = Release|Any CPU
		{A1366BA9-607E-4B58-8C27-6EF4B4DD89C6}.Release|x64.Build.0 = Release|Any CPU
		{A1366BA9-607E-4B58-8C27-6EF4B4DD89C6}.Release|x86.ActiveCfg = Release|Any CPU
		{A1366BA9-607E-4B58-8C27-6EF4B4DD89C6}.Release|x86.Build.0 = Release|Any CPU
		{04D22855-CF4E-4AB1-A067-1519ACAE6C2F}.Debug|Any CPU.ActiveCfg = Debug|Any CPU
		{04D22855-CF4E-4AB1-A067-1519ACAE6C2F}.Debug|Any CPU.Build.0 = Debug|Any CPU
		{04D22855-CF4E-4AB1-A067-1519ACAE6C2F}.Debug|x64.ActiveCfg = Debug|Any CPU
		{04D22855-CF4E-4AB1-A067-1519ACAE6C2F}.Debug|x64.Build.0 = Debug|Any CPU
		{04D22855-CF4E-4AB1-A067-1519ACAE6C2F}.Debug|x86.ActiveCfg = Debug|Any CPU
		{04D22855-CF4E-4AB1-A067-1519ACAE6C2F}.Debug|x86.Build.0 = Debug|Any CPU
		{04D22855-CF4E-4AB1-A067-1519ACAE6C2F}.Release|Any CPU.ActiveCfg = Release|Any CPU
		{04D22855-CF4E-4AB1-A067-1519ACAE6C2F}.Release|Any CPU.Build.0 = Release|Any CPU
		{04D22855-CF4E-4AB1-A067-1519ACAE6C2F}.Release|x64.ActiveCfg = Release|Any CPU
		{04D22855-CF4E-4AB1-A067-1519ACAE6C2F}.Release|x64.Build.0 = Release|Any CPU
		{04D22855-CF4E-4AB1-A067-1519ACAE6C2F}.Release|x86.ActiveCfg = Release|Any CPU
		{04D22855-CF4E-4AB1-A067-1519ACAE6C2F}.Release|x86.Build.0 = Release|Any CPU
		{C9B76061-0969-45D6-9E77-8D7CBAD3D77C}.Debug|Any CPU.ActiveCfg = Debug|Any CPU
		{C9B76061-0969-45D6-9E77-8D7CBAD3D77C}.Debug|Any CPU.Build.0 = Debug|Any CPU
		{C9B76061-0969-45D6-9E77-8D7CBAD3D77C}.Debug|x64.ActiveCfg = Debug|Any CPU
		{C9B76061-0969-45D6-9E77-8D7CBAD3D77C}.Debug|x64.Build.0 = Debug|Any CPU
		{C9B76061-0969-45D6-9E77-8D7CBAD3D77C}.Debug|x86.ActiveCfg = Debug|Any CPU
		{C9B76061-0969-45D6-9E77-8D7CBAD3D77C}.Debug|x86.Build.0 = Debug|Any CPU
		{C9B76061-0969-45D6-9E77-8D7CBAD3D77C}.Release|Any CPU.ActiveCfg = Release|Any CPU
		{C9B76061-0969-45D6-9E77-8D7CBAD3D77C}.Release|Any CPU.Build.0 = Release|Any CPU
		{C9B76061-0969-45D6-9E77-8D7CBAD3D77C}.Release|x64.ActiveCfg = Release|Any CPU
		{C9B76061-0969-45D6-9E77-8D7CBAD3D77C}.Release|x64.Build.0 = Release|Any CPU
		{C9B76061-0969-45D6-9E77-8D7CBAD3D77C}.Release|x86.ActiveCfg = Release|Any CPU
		{C9B76061-0969-45D6-9E77-8D7CBAD3D77C}.Release|x86.Build.0 = Release|Any CPU
		{A2D49E8F-DFE6-4AB7-B8A3-0CD3A95B1BA4}.Debug|Any CPU.ActiveCfg = Debug|Any CPU
		{A2D49E8F-DFE6-4AB7-B8A3-0CD3A95B1BA4}.Debug|Any CPU.Build.0 = Debug|Any CPU
		{A2D49E8F-DFE6-4AB7-B8A3-0CD3A95B1BA4}.Debug|x64.ActiveCfg = Debug|Any CPU
		{A2D49E8F-DFE6-4AB7-B8A3-0CD3A95B1BA4}.Debug|x64.Build.0 = Debug|Any CPU
		{A2D49E8F-DFE6-4AB7-B8A3-0CD3A95B1BA4}.Debug|x86.ActiveCfg = Debug|Any CPU
		{A2D49E8F-DFE6-4AB7-B8A3-0CD3A95B1BA4}.Debug|x86.Build.0 = Debug|Any CPU
		{A2D49E8F-DFE6-4AB7-B8A3-0CD3A95B1BA4}.Release|Any CPU.ActiveCfg = Release|Any CPU
		{A2D49E8F-DFE6-4AB7-B8A3-0CD3A95B1BA4}.Release|Any CPU.Build.0 = Release|Any CPU
		{A2D49E8F-DFE6-4AB7-B8A3-0CD3A95B1BA4}.Release|x64.ActiveCfg = Release|Any CPU
		{A2D49E8F-DFE6-4AB7-B8A3-0CD3A95B1BA4}.Release|x64.Build.0 = Release|Any CPU
		{A2D49E8F-DFE6-4AB7-B8A3-0CD3A95B1BA4}.Release|x86.ActiveCfg = Release|Any CPU
		{A2D49E8F-DFE6-4AB7-B8A3-0CD3A95B1BA4}.Release|x86.Build.0 = Release|Any CPU
		{40933F3F-28E7-41D7-BF87-46CA2232AB11}.Debug|Any CPU.ActiveCfg = Debug|Any CPU
		{40933F3F-28E7-41D7-BF87-46CA2232AB11}.Debug|Any CPU.Build.0 = Debug|Any CPU
		{40933F3F-28E7-41D7-BF87-46CA2232AB11}.Debug|x64.ActiveCfg = Debug|Any CPU
		{40933F3F-28E7-41D7-BF87-46CA2232AB11}.Debug|x64.Build.0 = Debug|Any CPU
		{40933F3F-28E7-41D7-BF87-46CA2232AB11}.Debug|x86.ActiveCfg = Debug|Any CPU
		{40933F3F-28E7-41D7-BF87-46CA2232AB11}.Debug|x86.Build.0 = Debug|Any CPU
		{40933F3F-28E7-41D7-BF87-46CA2232AB11}.Release|Any CPU.ActiveCfg = Release|Any CPU
		{40933F3F-28E7-41D7-BF87-46CA2232AB11}.Release|Any CPU.Build.0 = Release|Any CPU
		{40933F3F-28E7-41D7-BF87-46CA2232AB11}.Release|x64.ActiveCfg = Release|Any CPU
		{40933F3F-28E7-41D7-BF87-46CA2232AB11}.Release|x64.Build.0 = Release|Any CPU
		{40933F3F-28E7-41D7-BF87-46CA2232AB11}.Release|x86.ActiveCfg = Release|Any CPU
		{40933F3F-28E7-41D7-BF87-46CA2232AB11}.Release|x86.Build.0 = Release|Any CPU
	EndGlobalSection
	GlobalSection(SolutionProperties) = preSolution
		HideSolutionNode = FALSE
	EndGlobalSection
	GlobalSection(NestedProjects) = preSolution
		{72AFA917-AB3E-4D70-8D01-F5B8260D15BA} = {6BF579A5-B1C8-4B76-924C-CAE9F0169AA8}
		{6BF579A5-B1C8-4B76-924C-CAE9F0169AA8} = {CF49A905-20DB-44DE-9432-C1255AD327DE}
		{223C5AE3-21CF-4EAB-923D-D1EC46CC277A} = {2F9E524F-EB0B-4FDA-BE2B-8C4A71585A96}
		{CF49A905-20DB-44DE-9432-C1255AD327DE} = {2F9E524F-EB0B-4FDA-BE2B-8C4A71585A96}
		{5984FFAE-9CC6-44F6-B050-1A6505340405} = {2F9E524F-EB0B-4FDA-BE2B-8C4A71585A96}
		{BF9D3164-55AD-4791-B8EA-444F4FE31A29} = {CF49A905-20DB-44DE-9432-C1255AD327DE}
		{78944171-5C58-435F-A539-BA465EFE0971} = {CF49A905-20DB-44DE-9432-C1255AD327DE}
		{E8AF36C7-78F1-430A-AD5E-DD3C6110DF44} = {CF49A905-20DB-44DE-9432-C1255AD327DE}
		{24C77197-2F45-49B6-ACA5-4AFE534A1E94} = {BF9D3164-55AD-4791-B8EA-444F4FE31A29}
		{BDB7C055-5766-4EEF-BC26-E619CC3BD6EC} = {223C5AE3-21CF-4EAB-923D-D1EC46CC277A}
		{F4A285D4-7084-4A02-ADF7-D5ECB6AF9642} = {5984FFAE-9CC6-44F6-B050-1A6505340405}
		{0DDF68CF-6E6A-4EA4-A05B-5D4E2347416C} = {5984FFAE-9CC6-44F6-B050-1A6505340405}
		{3F45B074-7110-4A93-8F89-4512D874E97C} = {78944171-5C58-435F-A539-BA465EFE0971}
		{A1366BA9-607E-4B58-8C27-6EF4B4DD89C6} = {78944171-5C58-435F-A539-BA465EFE0971}
		{04D22855-CF4E-4AB1-A067-1519ACAE6C2F} = {78944171-5C58-435F-A539-BA465EFE0971}
		{C9B76061-0969-45D6-9E77-8D7CBAD3D77C} = {78944171-5C58-435F-A539-BA465EFE0971}
		{A2D49E8F-DFE6-4AB7-B8A3-0CD3A95B1BA4} = {5984FFAE-9CC6-44F6-B050-1A6505340405}
		{40933F3F-28E7-41D7-BF87-46CA2232AB11} = {E8AF36C7-78F1-430A-AD5E-DD3C6110DF44}
	EndGlobalSection
	GlobalSection(ExtensibilityGlobals) = postSolution
		SolutionGuid = {3CBA7EFD-B76C-4690-A556-4D931E1345DB}
	EndGlobalSection
EndGlobal
