
Microsoft Visual Studio Solution File, Format Version 12.00
# Visual Studio Version 16
VisualStudioVersion = 16.0.30114.105
MinimumVisualStudioVersion = 10.0.40219.1
Project("{9A19103F-16F7-4668-BE54-9A1E7A4F7556}") = "ESourcing.Products", "ESourcing.Products\ESourcing.Products.csproj", "{72AFA917-AB3E-4D70-8D01-F5B8260D15BA}"
EndProject
Project("{2150E333-8FDC-42A3-9474-1A3956D46DE8}") = "Products", "Products", "{6BF579A5-B1C8-4B76-924C-CAE9F0169AA8}"
EndProject
Project("{2150E333-8FDC-42A3-9474-1A3956D46DE8}") = "src", "src", "{2F9E524F-EB0B-4FDA-BE2B-8C4A71585A96}"
EndProject
Project("{2150E333-8FDC-42A3-9474-1A3956D46DE8}") = "ApiGateway", "ApiGateway", "{223C5AE3-21CF-4EAB-923D-D1EC46CC277A}"
EndProject
Project("{2150E333-8FDC-42A3-9474-1A3956D46DE8}") = "Services", "Services", "{CF49A905-20DB-44DE-9432-C1255AD327DE}"
EndProject
Project("{2150E333-8FDC-42A3-9474-1A3956D46DE8}") = "WebApp", "WebApp", "{5984FFAE-9CC6-44F6-B050-1A6505340405}"
EndProject
Project("{2150E333-8FDC-42A3-9474-1A3956D46DE8}") = "Common", "Common", "{BF9D3164-55AD-4791-B8EA-444F4FE31A29}"
EndProject
Project("{2150E333-8FDC-42A3-9474-1A3956D46DE8}") = "Order", "Order", "{78944171-5C58-435F-A539-BA465EFE0971}"
EndProject
Project("{2150E333-8FDC-42A3-9474-1A3956D46DE8}") = "Sourcing", "Sourcing", "{E8AF36C7-78F1-430A-AD5E-DD3C6110DF44}"
EndProject
Project("{E53339B2-1760-4266-BCC7-CA923CBCF16C}") = "docker-compose", "docker-compose.dcproj", "{01BA32E2-07E1-4A70-ACFF-2D920FA4CACB}"
EndProject
Project("{9A19103F-16F7-4668-BE54-9A1E7A4F7556}") = "ESourcing.Sourcing", "ESourcing.Sourcing\ESourcing.Sourcing.csproj", "{EC9E17E6-95B9-4575-867F-785D98B22E33}"
EndProject
Project("{9A19103F-16F7-4668-BE54-9A1E7A4F7556}") = "EventBusRabbitMQ", "EventBusRabbitMQ\EventBusRabbitMQ.csproj", "{24C77197-2F45-49B6-ACA5-4AFE534A1E94}"
EndProject
Project("{9A19103F-16F7-4668-BE54-9A1E7A4F7556}") = "Ordering.Domain", "ESourcing.Order\Ordering.Domain\Ordering.Domain.csproj", "{1FE14F24-08C2-423B-8DDC-0957EF05B63E}"
EndProject
Project("{9A19103F-16F7-4668-BE54-9A1E7A4F7556}") = "Ordering.Application", "ESourcing.Order\Ordering.Application\Ordering.Application.csproj", "{44BBA5AA-1648-4E3E-ADC9-77406B8F31BC}"
EndProject
Project("{9A19103F-16F7-4668-BE54-9A1E7A4F7556}") = "Ordering.Infrastructure", "ESourcing.Order\Ordering.Infrastructure\Ordering.Infrastructure.csproj", "{A21A1046-5D2C-4CB5-9BC4-F67D57969D90}"
EndProject
Project("{9A19103F-16F7-4668-BE54-9A1E7A4F7556}") = "ESourcing.Order", "ESourcing.Order\ESourcing.Order\ESourcing.Order.csproj", "{BC0478F3-3150-470E-AF7A-CBE3E88311F2}"
EndProject
Project("{9A19103F-16F7-4668-BE54-9A1E7A4F7556}") = "ESourcing.APIGateway", "ESourcing.APIGateway\ESourcing.APIGateway.csproj", "{BDB7C055-5766-4EEF-BC26-E619CC3BD6EC}"
EndProject
Project("{FAE04EC0-301F-11D3-BF4B-00C04F79EFBC}") = "Esourcing.UI", "Esourcing.UI\Esourcing.UI.csproj", "{F4EA37BB-6B40-4D7F-A078-B7D9905026DA}"
EndProject
Project("{FAE04EC0-301F-11D3-BF4B-00C04F79EFBC}") = "ESourcing.Core", "ESourcing.Core\ESourcing.Core.csproj", "{F4A285D4-7084-4A02-ADF7-D5ECB6AF9642}"
EndProject
Project("{FAE04EC0-301F-11D3-BF4B-00C04F79EFBC}") = "ESourcing.Infrastructure", "ESourcing.Infrastructure\ESourcing.Infrastructure.csproj", "{0DDF68CF-6E6A-4EA4-A05B-5D4E2347416C}"
EndProject
Global
	GlobalSection(SolutionConfigurationPlatforms) = preSolution
		Debug|Any CPU = Debug|Any CPU
		Debug|x64 = Debug|x64
		Debug|x86 = Debug|x86
		Release|Any CPU = Release|Any CPU
		Release|x64 = Release|x64
		Release|x86 = Release|x86
	EndGlobalSection
	GlobalSection(ProjectConfigurationPlatforms) = postSolution
		{72AFA917-AB3E-4D70-8D01-F5B8260D15BA}.Debug|Any CPU.ActiveCfg = Debug|Any CPU
		{72AFA917-AB3E-4D70-8D01-F5B8260D15BA}.Debug|Any CPU.Build.0 = Debug|Any CPU
		{72AFA917-AB3E-4D70-8D01-F5B8260D15BA}.Debug|x64.ActiveCfg = Debug|Any CPU
		{72AFA917-AB3E-4D70-8D01-F5B8260D15BA}.Debug|x64.Build.0 = Debug|Any CPU
		{72AFA917-AB3E-4D70-8D01-F5B8260D15BA}.Debug|x86.ActiveCfg = Debug|Any CPU
		{72AFA917-AB3E-4D70-8D01-F5B8260D15BA}.Debug|x86.Build.0 = Debug|Any CPU
		{72AFA917-AB3E-4D70-8D01-F5B8260D15BA}.Release|Any CPU.ActiveCfg = Release|Any CPU
		{72AFA917-AB3E-4D70-8D01-F5B8260D15BA}.Release|Any CPU.Build.0 = Release|Any CPU
		{72AFA917-AB3E-4D70-8D01-F5B8260D15BA}.Release|x64.ActiveCfg = Release|Any CPU
		{72AFA917-AB3E-4D70-8D01-F5B8260D15BA}.Release|x64.Build.0 = Release|Any CPU
		{72AFA917-AB3E-4D70-8D01-F5B8260D15BA}.Release|x86.ActiveCfg = Release|Any CPU
		{72AFA917-AB3E-4D70-8D01-F5B8260D15BA}.Release|x86.Build.0 = Release|Any CPU
		{01BA32E2-07E1-4A70-ACFF-2D920FA4CACB}.Debug|Any CPU.ActiveCfg = Debug|Any CPU
		{01BA32E2-07E1-4A70-ACFF-2D920FA4CACB}.Debug|Any CPU.Build.0 = Debug|Any CPU
		{01BA32E2-07E1-4A70-ACFF-2D920FA4CACB}.Debug|x64.ActiveCfg = Debug|Any CPU
		{01BA32E2-07E1-4A70-ACFF-2D920FA4CACB}.Debug|x64.Build.0 = Debug|Any CPU
		{01BA32E2-07E1-4A70-ACFF-2D920FA4CACB}.Debug|x86.ActiveCfg = Debug|Any CPU
		{01BA32E2-07E1-4A70-ACFF-2D920FA4CACB}.Debug|x86.Build.0 = Debug|Any CPU
		{01BA32E2-07E1-4A70-ACFF-2D920FA4CACB}.Release|Any CPU.ActiveCfg = Release|Any CPU
		{01BA32E2-07E1-4A70-ACFF-2D920FA4CACB}.Release|Any CPU.Build.0 = Release|Any CPU
		{01BA32E2-07E1-4A70-ACFF-2D920FA4CACB}.Release|x64.ActiveCfg = Release|Any CPU
		{01BA32E2-07E1-4A70-ACFF-2D920FA4CACB}.Release|x64.Build.0 = Release|Any CPU
		{01BA32E2-07E1-4A70-ACFF-2D920FA4CACB}.Release|x86.ActiveCfg = Release|Any CPU
		{01BA32E2-07E1-4A70-ACFF-2D920FA4CACB}.Release|x86.Build.0 = Release|Any CPU
		{EC9E17E6-95B9-4575-867F-785D98B22E33}.Debug|Any CPU.ActiveCfg = Debug|Any CPU
		{EC9E17E6-95B9-4575-867F-785D98B22E33}.Debug|Any CPU.Build.0 = Debug|Any CPU
		{EC9E17E6-95B9-4575-867F-785D98B22E33}.Debug|x64.ActiveCfg = Debug|Any CPU
		{EC9E17E6-95B9-4575-867F-785D98B22E33}.Debug|x64.Build.0 = Debug|Any CPU
		{EC9E17E6-95B9-4575-867F-785D98B22E33}.Debug|x86.ActiveCfg = Debug|Any CPU
		{EC9E17E6-95B9-4575-867F-785D98B22E33}.Debug|x86.Build.0 = Debug|Any CPU
		{EC9E17E6-95B9-4575-867F-785D98B22E33}.Release|Any CPU.ActiveCfg = Release|Any CPU
		{EC9E17E6-95B9-4575-867F-785D98B22E33}.Release|Any CPU.Build.0 = Release|Any CPU
		{EC9E17E6-95B9-4575-867F-785D98B22E33}.Release|x64.ActiveCfg = Release|Any CPU
		{EC9E17E6-95B9-4575-867F-785D98B22E33}.Release|x64.Build.0 = Release|Any CPU
		{EC9E17E6-95B9-4575-867F-785D98B22E33}.Release|x86.ActiveCfg = Release|Any CPU
		{EC9E17E6-95B9-4575-867F-785D98B22E33}.Release|x86.Build.0 = Release|Any CPU
		{24C77197-2F45-49B6-ACA5-4AFE534A1E94}.Debug|Any CPU.ActiveCfg = Debug|Any CPU
		{24C77197-2F45-49B6-ACA5-4AFE534A1E94}.Debug|Any CPU.Build.0 = Debug|Any CPU
		{24C77197-2F45-49B6-ACA5-4AFE534A1E94}.Debug|x64.ActiveCfg = Debug|Any CPU
		{24C77197-2F45-49B6-ACA5-4AFE534A1E94}.Debug|x64.Build.0 = Debug|Any CPU
		{24C77197-2F45-49B6-ACA5-4AFE534A1E94}.Debug|x86.ActiveCfg = Debug|Any CPU
		{24C77197-2F45-49B6-ACA5-4AFE534A1E94}.Debug|x86.Build.0 = Debug|Any CPU
		{24C77197-2F45-49B6-ACA5-4AFE534A1E94}.Release|Any CPU.ActiveCfg = Release|Any CPU
		{24C77197-2F45-49B6-ACA5-4AFE534A1E94}.Release|Any CPU.Build.0 = Release|Any CPU
		{24C77197-2F45-49B6-ACA5-4AFE534A1E94}.Release|x64.ActiveCfg = Release|Any CPU
		{24C77197-2F45-49B6-ACA5-4AFE534A1E94}.Release|x64.Build.0 = Release|Any CPU
		{24C77197-2F45-49B6-ACA5-4AFE534A1E94}.Release|x86.ActiveCfg = Release|Any CPU
		{24C77197-2F45-49B6-ACA5-4AFE534A1E94}.Release|x86.Build.0 = Release|Any CPU
		{1FE14F24-08C2-423B-8DDC-0957EF05B63E}.Debug|Any CPU.ActiveCfg = Debug|Any CPU
		{1FE14F24-08C2-423B-8DDC-0957EF05B63E}.Debug|Any CPU.Build.0 = Debug|Any CPU
		{1FE14F24-08C2-423B-8DDC-0957EF05B63E}.Debug|x64.ActiveCfg = Debug|Any CPU
		{1FE14F24-08C2-423B-8DDC-0957EF05B63E}.Debug|x64.Build.0 = Debug|Any CPU
		{1FE14F24-08C2-423B-8DDC-0957EF05B63E}.Debug|x86.ActiveCfg = Debug|Any CPU
		{1FE14F24-08C2-423B-8DDC-0957EF05B63E}.Debug|x86.Build.0 = Debug|Any CPU
		{1FE14F24-08C2-423B-8DDC-0957EF05B63E}.Release|Any CPU.ActiveCfg = Release|Any CPU
		{1FE14F24-08C2-423B-8DDC-0957EF05B63E}.Release|Any CPU.Build.0 = Release|Any CPU
		{1FE14F24-08C2-423B-8DDC-0957EF05B63E}.Release|x64.ActiveCfg = Release|Any CPU
		{1FE14F24-08C2-423B-8DDC-0957EF05B63E}.Release|x64.Build.0 = Release|Any CPU
		{1FE14F24-08C2-423B-8DDC-0957EF05B63E}.Release|x86.ActiveCfg = Release|Any CPU
		{1FE14F24-08C2-423B-8DDC-0957EF05B63E}.Release|x86.Build.0 = Release|Any CPU
		{44BBA5AA-1648-4E3E-ADC9-77406B8F31BC}.Debug|Any CPU.ActiveCfg = Debug|Any CPU
		{44BBA5AA-1648-4E3E-ADC9-77406B8F31BC}.Debug|Any CPU.Build.0 = Debug|Any CPU
		{44BBA5AA-1648-4E3E-ADC9-77406B8F31BC}.Debug|x64.ActiveCfg = Debug|Any CPU
		{44BBA5AA-1648-4E3E-ADC9-77406B8F31BC}.Debug|x64.Build.0 = Debug|Any CPU
		{44BBA5AA-1648-4E3E-ADC9-77406B8F31BC}.Debug|x86.ActiveCfg = Debug|Any CPU
		{44BBA5AA-1648-4E3E-ADC9-77406B8F31BC}.Debug|x86.Build.0 = Debug|Any CPU
		{44BBA5AA-1648-4E3E-ADC9-77406B8F31BC}.Release|Any CPU.ActiveCfg = Release|Any CPU
		{44BBA5AA-1648-4E3E-ADC9-77406B8F31BC}.Release|Any CPU.Build.0 = Release|Any CPU
		{44BBA5AA-1648-4E3E-ADC9-77406B8F31BC}.Release|x64.ActiveCfg = Release|Any CPU
		{44BBA5AA-1648-4E3E-ADC9-77406B8F31BC}.Release|x64.Build.0 = Release|Any CPU
		{44BBA5AA-1648-4E3E-ADC9-77406B8F31BC}.Release|x86.ActiveCfg = Release|Any CPU
		{44BBA5AA-1648-4E3E-ADC9-77406B8F31BC}.Release|x86.Build.0 = Release|Any CPU
		{A21A1046-5D2C-4CB5-9BC4-F67D57969D90}.Debug|Any CPU.ActiveCfg = Debug|Any CPU
		{A21A1046-5D2C-4CB5-9BC4-F67D57969D90}.Debug|Any CPU.Build.0 = Debug|Any CPU
		{A21A1046-5D2C-4CB5-9BC4-F67D57969D90}.Debug|x64.ActiveCfg = Debug|Any CPU
		{A21A1046-5D2C-4CB5-9BC4-F67D57969D90}.Debug|x64.Build.0 = Debug|Any CPU
		{A21A1046-5D2C-4CB5-9BC4-F67D57969D90}.Debug|x86.ActiveCfg = Debug|Any CPU
		{A21A1046-5D2C-4CB5-9BC4-F67D57969D90}.Debug|x86.Build.0 = Debug|Any CPU
		{A21A1046-5D2C-4CB5-9BC4-F67D57969D90}.Release|Any CPU.ActiveCfg = Release|Any CPU
		{A21A1046-5D2C-4CB5-9BC4-F67D57969D90}.Release|Any CPU.Build.0 = Release|Any CPU
		{A21A1046-5D2C-4CB5-9BC4-F67D57969D90}.Release|x64.ActiveCfg = Release|Any CPU
		{A21A1046-5D2C-4CB5-9BC4-F67D57969D90}.Release|x64.Build.0 = Release|Any CPU
		{A21A1046-5D2C-4CB5-9BC4-F67D57969D90}.Release|x86.ActiveCfg = Release|Any CPU
		{A21A1046-5D2C-4CB5-9BC4-F67D57969D90}.Release|x86.Build.0 = Release|Any CPU
		{BC0478F3-3150-470E-AF7A-CBE3E88311F2}.Debug|Any CPU.ActiveCfg = Debug|Any CPU
		{BC0478F3-3150-470E-AF7A-CBE3E88311F2}.Debug|Any CPU.Build.0 = Debug|Any CPU
		{BC0478F3-3150-470E-AF7A-CBE3E88311F2}.Debug|x64.ActiveCfg = Debug|Any CPU
		{BC0478F3-3150-470E-AF7A-CBE3E88311F2}.Debug|x64.Build.0 = Debug|Any CPU
		{BC0478F3-3150-470E-AF7A-CBE3E88311F2}.Debug|x86.ActiveCfg = Debug|Any CPU
		{BC0478F3-3150-470E-AF7A-CBE3E88311F2}.Debug|x86.Build.0 = Debug|Any CPU
		{BC0478F3-3150-470E-AF7A-CBE3E88311F2}.Release|Any CPU.ActiveCfg = Release|Any CPU
		{BC0478F3-3150-470E-AF7A-CBE3E88311F2}.Release|Any CPU.Build.0 = Release|Any CPU
		{BC0478F3-3150-470E-AF7A-CBE3E88311F2}.Release|x64.ActiveCfg = Release|Any CPU
		{BC0478F3-3150-470E-AF7A-CBE3E88311F2}.Release|x64.Build.0 = Release|Any CPU
		{BC0478F3-3150-470E-AF7A-CBE3E88311F2}.Release|x86.ActiveCfg = Release|Any CPU
		{BC0478F3-3150-470E-AF7A-CBE3E88311F2}.Release|x86.Build.0 = Release|Any CPU
		{BDB7C055-5766-4EEF-BC26-E619CC3BD6EC}.Debug|Any CPU.ActiveCfg = Debug|Any CPU
		{BDB7C055-5766-4EEF-BC26-E619CC3BD6EC}.Debug|Any CPU.Build.0 = Debug|Any CPU
		{BDB7C055-5766-4EEF-BC26-E619CC3BD6EC}.Debug|x64.ActiveCfg = Debug|Any CPU
		{BDB7C055-5766-4EEF-BC26-E619CC3BD6EC}.Debug|x64.Build.0 = Debug|Any CPU
		{BDB7C055-5766-4EEF-BC26-E619CC3BD6EC}.Debug|x86.ActiveCfg = Debug|Any CPU
		{BDB7C055-5766-4EEF-BC26-E619CC3BD6EC}.Debug|x86.Build.0 = Debug|Any CPU
		{BDB7C055-5766-4EEF-BC26-E619CC3BD6EC}.Release|Any CPU.ActiveCfg = Release|Any CPU
		{BDB7C055-5766-4EEF-BC26-E619CC3BD6EC}.Release|Any CPU.Build.0 = Release|Any CPU
		{BDB7C055-5766-4EEF-BC26-E619CC3BD6EC}.Release|x64.ActiveCfg = Release|Any CPU
		{BDB7C055-5766-4EEF-BC26-E619CC3BD6EC}.Release|x64.Build.0 = Release|Any CPU
		{BDB7C055-5766-4EEF-BC26-E619CC3BD6EC}.Release|x86.ActiveCfg = Release|Any CPU
		{BDB7C055-5766-4EEF-BC26-E619CC3BD6EC}.Release|x86.Build.0 = Release|Any CPU
		{F4EA37BB-6B40-4D7F-A078-B7D9905026DA}.Debug|Any CPU.ActiveCfg = Debug|Any CPU
		{F4EA37BB-6B40-4D7F-A078-B7D9905026DA}.Debug|Any CPU.Build.0 = Debug|Any CPU
		{F4EA37BB-6B40-4D7F-A078-B7D9905026DA}.Debug|x64.ActiveCfg = Debug|Any CPU
		{F4EA37BB-6B40-4D7F-A078-B7D9905026DA}.Debug|x64.Build.0 = Debug|Any CPU
		{F4EA37BB-6B40-4D7F-A078-B7D9905026DA}.Debug|x86.ActiveCfg = Debug|Any CPU
		{F4EA37BB-6B40-4D7F-A078-B7D9905026DA}.Debug|x86.Build.0 = Debug|Any CPU
		{F4EA37BB-6B40-4D7F-A078-B7D9905026DA}.Release|Any CPU.ActiveCfg = Release|Any CPU
		{F4EA37BB-6B40-4D7F-A078-B7D9905026DA}.Release|Any CPU.Build.0 = Release|Any CPU
		{F4EA37BB-6B40-4D7F-A078-B7D9905026DA}.Release|x64.ActiveCfg = Release|Any CPU
		{F4EA37BB-6B40-4D7F-A078-B7D9905026DA}.Release|x64.Build.0 = Release|Any CPU
		{F4EA37BB-6B40-4D7F-A078-B7D9905026DA}.Release|x86.ActiveCfg = Release|Any CPU
		{F4EA37BB-6B40-4D7F-A078-B7D9905026DA}.Release|x86.Build.0 = Release|Any CPU
		{F4A285D4-7084-4A02-ADF7-D5ECB6AF9642}.Debug|Any CPU.ActiveCfg = Debug|Any CPU
		{F4A285D4-7084-4A02-ADF7-D5ECB6AF9642}.Debug|Any CPU.Build.0 = Debug|Any CPU
		{F4A285D4-7084-4A02-ADF7-D5ECB6AF9642}.Debug|x64.ActiveCfg = Debug|Any CPU
		{F4A285D4-7084-4A02-ADF7-D5ECB6AF9642}.Debug|x64.Build.0 = Debug|Any CPU
		{F4A285D4-7084-4A02-ADF7-D5ECB6AF9642}.Debug|x86.ActiveCfg = Debug|Any CPU
		{F4A285D4-7084-4A02-ADF7-D5ECB6AF9642}.Debug|x86.Build.0 = Debug|Any CPU
		{F4A285D4-7084-4A02-ADF7-D5ECB6AF9642}.Release|Any CPU.ActiveCfg = Release|Any CPU
		{F4A285D4-7084-4A02-ADF7-D5ECB6AF9642}.Release|Any CPU.Build.0 = Release|Any CPU
		{F4A285D4-7084-4A02-ADF7-D5ECB6AF9642}.Release|x64.ActiveCfg = Release|Any CPU
		{F4A285D4-7084-4A02-ADF7-D5ECB6AF9642}.Release|x64.Build.0 = Release|Any CPU
		{F4A285D4-7084-4A02-ADF7-D5ECB6AF9642}.Release|x86.ActiveCfg = Release|Any CPU
		{F4A285D4-7084-4A02-ADF7-D5ECB6AF9642}.Release|x86.Build.0 = Release|Any CPU
		{0DDF68CF-6E6A-4EA4-A05B-5D4E2347416C}.Debug|Any CPU.ActiveCfg = Debug|Any CPU
		{0DDF68CF-6E6A-4EA4-A05B-5D4E2347416C}.Debug|Any CPU.Build.0 = Debug|Any CPU
		{0DDF68CF-6E6A-4EA4-A05B-5D4E2347416C}.Debug|x64.ActiveCfg = Debug|Any CPU
		{0DDF68CF-6E6A-4EA4-A05B-5D4E2347416C}.Debug|x64.Build.0 = Debug|Any CPU
		{0DDF68CF-6E6A-4EA4-A05B-5D4E2347416C}.Debug|x86.ActiveCfg = Debug|Any CPU
		{0DDF68CF-6E6A-4EA4-A05B-5D4E2347416C}.Debug|x86.Build.0 = Debug|Any CPU
		{0DDF68CF-6E6A-4EA4-A05B-5D4E2347416C}.Release|Any CPU.ActiveCfg = Release|Any CPU
		{0DDF68CF-6E6A-4EA4-A05B-5D4E2347416C}.Release|Any CPU.Build.0 = Release|Any CPU
		{0DDF68CF-6E6A-4EA4-A05B-5D4E2347416C}.Release|x64.ActiveCfg = Release|Any CPU
		{0DDF68CF-6E6A-4EA4-A05B-5D4E2347416C}.Release|x64.Build.0 = Release|Any CPU
		{0DDF68CF-6E6A-4EA4-A05B-5D4E2347416C}.Release|x86.ActiveCfg = Release|Any CPU
		{0DDF68CF-6E6A-4EA4-A05B-5D4E2347416C}.Release|x86.Build.0 = Release|Any CPU
	EndGlobalSection
	GlobalSection(SolutionProperties) = preSolution
		HideSolutionNode = FALSE
	EndGlobalSection
	GlobalSection(NestedProjects) = preSolution
		{72AFA917-AB3E-4D70-8D01-F5B8260D15BA} = {6BF579A5-B1C8-4B76-924C-CAE9F0169AA8}
		{6BF579A5-B1C8-4B76-924C-CAE9F0169AA8} = {CF49A905-20DB-44DE-9432-C1255AD327DE}
		{223C5AE3-21CF-4EAB-923D-D1EC46CC277A} = {2F9E524F-EB0B-4FDA-BE2B-8C4A71585A96}
		{CF49A905-20DB-44DE-9432-C1255AD327DE} = {2F9E524F-EB0B-4FDA-BE2B-8C4A71585A96}
		{5984FFAE-9CC6-44F6-B050-1A6505340405} = {2F9E524F-EB0B-4FDA-BE2B-8C4A71585A96}
		{BF9D3164-55AD-4791-B8EA-444F4FE31A29} = {CF49A905-20DB-44DE-9432-C1255AD327DE}
		{78944171-5C58-435F-A539-BA465EFE0971} = {CF49A905-20DB-44DE-9432-C1255AD327DE}
		{E8AF36C7-78F1-430A-AD5E-DD3C6110DF44} = {CF49A905-20DB-44DE-9432-C1255AD327DE}
		{EC9E17E6-95B9-4575-867F-785D98B22E33} = {E8AF36C7-78F1-430A-AD5E-DD3C6110DF44}
		{24C77197-2F45-49B6-ACA5-4AFE534A1E94} = {BF9D3164-55AD-4791-B8EA-444F4FE31A29}
		{1FE14F24-08C2-423B-8DDC-0957EF05B63E} = {78944171-5C58-435F-A539-BA465EFE0971}
		{44BBA5AA-1648-4E3E-ADC9-77406B8F31BC} = {78944171-5C58-435F-A539-BA465EFE0971}
		{A21A1046-5D2C-4CB5-9BC4-F67D57969D90} = {78944171-5C58-435F-A539-BA465EFE0971}
		{BC0478F3-3150-470E-AF7A-CBE3E88311F2} = {78944171-5C58-435F-A539-BA465EFE0971}
		{BDB7C055-5766-4EEF-BC26-E619CC3BD6EC} = {223C5AE3-21CF-4EAB-923D-D1EC46CC277A}
		{F4EA37BB-6B40-4D7F-A078-B7D9905026DA} = {5984FFAE-9CC6-44F6-B050-1A6505340405}
		{F4A285D4-7084-4A02-ADF7-D5ECB6AF9642} = {5984FFAE-9CC6-44F6-B050-1A6505340405}
		{0DDF68CF-6E6A-4EA4-A05B-5D4E2347416C} = {5984FFAE-9CC6-44F6-B050-1A6505340405}
	EndGlobalSection
	GlobalSection(ExtensibilityGlobals) = postSolution
		SolutionGuid = {3CBA7EFD-B76C-4690-A556-4D931E1345DB}
	EndGlobalSection
EndGlobal
